
Microsoft Visual Studio Solution File, Format Version 12.00
# Visual Studio Version 17
VisualStudioVersion = 17.3.32811.315
MinimumVisualStudioVersion = 10.0.40219.1
Project("{2150E333-8FDC-42A3-9474-1A3956D46DE8}") = "Services", "Services", "{6E14D1B0-95BF-4BD9-B735-ABAB706E7C0A}"
EndProject
Project("{2150E333-8FDC-42A3-9474-1A3956D46DE8}") = "Catalog", "Catalog", "{3BAEE7A2-FB05-4F79-A1D4-BA11DCFDE694}"
EndProject
Project("{9A19103F-16F7-4668-BE54-9A1E7A4F7556}") = "FreeCourse.Services.Catalog", "Services\Catalog\FreeCourse.Services.Catalog\FreeCourse.Services.Catalog.csproj", "{29CD5CE3-A37A-45D9-A1A2-70C613A93862}"
EndProject
Project("{2150E333-8FDC-42A3-9474-1A3956D46DE8}") = "Solution Items", "Solution Items", "{38F86A38-1BA9-4FBC-AD83-1A1AF46F57C8}"
	ProjectSection(SolutionItems) = preProject
		Ports.txt = Ports.txt
	EndProjectSection
EndProject
Project("{2150E333-8FDC-42A3-9474-1A3956D46DE8}") = "Shared", "Shared", "{BF355209-07B9-4929-BC95-28E3C640C81E}"
EndProject
Project("{9A19103F-16F7-4668-BE54-9A1E7A4F7556}") = "FreeCourse.Shared", "Shared\FreeCourse.Shared\FreeCourse.Shared.csproj", "{F9519F12-BF8D-42A4-A797-B535A01D3056}"
EndProject
Project("{2150E333-8FDC-42A3-9474-1A3956D46DE8}") = "IdentityServer", "IdentityServer", "{8F91E65C-8DCF-4673-8C2A-1394CAF421E7}"
EndProject
Project("{9A19103F-16F7-4668-BE54-9A1E7A4F7556}") = "FreeCourse.IdentityServer", "IdentityServer\FreeCourse.IdentityServer\FreeCourse.IdentityServer.csproj", "{0AAFCDE0-A24A-47A9-8928-90067932D408}"
EndProject
Project("{2150E333-8FDC-42A3-9474-1A3956D46DE8}") = "PhotoStock", "PhotoStock", "{F74BA3DF-E2DA-4BFD-B1A1-43EFCFA496CF}"
EndProject
Project("{9A19103F-16F7-4668-BE54-9A1E7A4F7556}") = "FreeCourse.Services.PhotoStock", "Services\PhotoStock\FreeCourse.Services.PhotoStock\FreeCourse.Services.PhotoStock.csproj", "{0E7413BF-A3EA-4091-A0D7-47F0B3C5766B}"
EndProject
Project("{2150E333-8FDC-42A3-9474-1A3956D46DE8}") = "Basket", "Basket", "{E9784D6E-B508-46E9-9DC5-9FC19131C585}"
EndProject
Project("{9A19103F-16F7-4668-BE54-9A1E7A4F7556}") = "FreeCourse.Services.Basket", "Services\Basket\FreeCourse.Services.Basket\FreeCourse.Services.Basket.csproj", "{E0655E49-F45F-4D54-954A-D1FFBEA86321}"
EndProject
Project("{2150E333-8FDC-42A3-9474-1A3956D46DE8}") = "Discount", "Discount", "{BF3B7AD2-2BC0-40BF-A7C1-A6D819CFA3E2}"
EndProject
Project("{9A19103F-16F7-4668-BE54-9A1E7A4F7556}") = "FreeCourse.Services.Discount", "Services\Discount\FreeCourse.Services.Discount\FreeCourse.Services.Discount.csproj", "{088D7F4E-D964-4CBE-B60D-9E543BCDA409}"
EndProject
Project("{2150E333-8FDC-42A3-9474-1A3956D46DE8}") = "Order", "Order", "{8FECC061-D7EC-4AB3-B9AA-7683AB62D911}"
EndProject
Project("{9A19103F-16F7-4668-BE54-9A1E7A4F7556}") = "FreeCourse.Services.Order.API", "Services\Order\FreeCourse.Services.Order.API\FreeCourse.Services.Order.API.csproj", "{04EA24AA-C3C2-49D5-A741-993660707337}"
EndProject
Project("{9A19103F-16F7-4668-BE54-9A1E7A4F7556}") = "FreeCourse.Services.Order.Application", "Services\Order\FreeCourse.Services.Order.Application\FreeCourse.Services.Order.Application.csproj", "{0A92BBCE-25C3-44EF-B6CB-0E522C9F2403}"
EndProject
Project("{9A19103F-16F7-4668-BE54-9A1E7A4F7556}") = "FreeCourse.Services.Order.Domain", "Services\Order\FreeCourse.Services.Order.Domain\FreeCourse.Services.Order.Domain.csproj", "{B4105225-8819-4767-9B11-94A3F04991C7}"
EndProject
Project("{9A19103F-16F7-4668-BE54-9A1E7A4F7556}") = "FreeCourse.Services.Order.Domain.Core", "Services\Order\FreeCourse.Services.Order.Domain.Core\FreeCourse.Services.Order.Domain.Core.csproj", "{BD68C52D-E69E-4B48-874E-FE0ECEF50C2F}"
EndProject
Project("{9A19103F-16F7-4668-BE54-9A1E7A4F7556}") = "FreeCourse.Services.Order.Infrastructure", "Services\Order\FreeCourse.Services.Order.Infrastructure\FreeCourse.Services.Order.Infrastructure.csproj", "{AFED5EDE-E54A-4939-B23D-B01FEFFD5193}"
EndProject
Project("{2150E333-8FDC-42A3-9474-1A3956D46DE8}") = "FakePayment", "FakePayment", "{A02F58E7-8867-46FF-8C5C-2A5D257975A4}"
EndProject
Project("{FAE04EC0-301F-11D3-BF4B-00C04F79EFBC}") = "FreeCourse.Service.FakePayment", "Services\FakePayment\FreeCourse.Service.FakePayment\FreeCourse.Service.FakePayment.csproj", "{2462B489-F61F-491E-AE9D-165F3E134F50}"
EndProject
Project("{2150E333-8FDC-42A3-9474-1A3956D46DE8}") = "Gateways", "Gateways", "{572CB6B7-FD3A-429B-8640-984497123F9C}"
EndProject
Project("{FAE04EC0-301F-11D3-BF4B-00C04F79EFBC}") = "FreeCourse.Gateway", "FreeCourse.Gateway\FreeCourse.Gateway.csproj", "{E6E8FE0B-820B-45CC-9CCE-F431B483EFBA}"
EndProject
Global
	GlobalSection(SolutionConfigurationPlatforms) = preSolution
		Debug|Any CPU = Debug|Any CPU
		Release|Any CPU = Release|Any CPU
	EndGlobalSection
	GlobalSection(ProjectConfigurationPlatforms) = postSolution
		{29CD5CE3-A37A-45D9-A1A2-70C613A93862}.Debug|Any CPU.ActiveCfg = Debug|Any CPU
		{29CD5CE3-A37A-45D9-A1A2-70C613A93862}.Debug|Any CPU.Build.0 = Debug|Any CPU
		{29CD5CE3-A37A-45D9-A1A2-70C613A93862}.Release|Any CPU.ActiveCfg = Release|Any CPU
		{29CD5CE3-A37A-45D9-A1A2-70C613A93862}.Release|Any CPU.Build.0 = Release|Any CPU
		{F9519F12-BF8D-42A4-A797-B535A01D3056}.Debug|Any CPU.ActiveCfg = Debug|Any CPU
		{F9519F12-BF8D-42A4-A797-B535A01D3056}.Debug|Any CPU.Build.0 = Debug|Any CPU
		{F9519F12-BF8D-42A4-A797-B535A01D3056}.Release|Any CPU.ActiveCfg = Release|Any CPU
		{F9519F12-BF8D-42A4-A797-B535A01D3056}.Release|Any CPU.Build.0 = Release|Any CPU
		{0AAFCDE0-A24A-47A9-8928-90067932D408}.Debug|Any CPU.ActiveCfg = Debug|Any CPU
		{0AAFCDE0-A24A-47A9-8928-90067932D408}.Debug|Any CPU.Build.0 = Debug|Any CPU
		{0AAFCDE0-A24A-47A9-8928-90067932D408}.Release|Any CPU.ActiveCfg = Release|Any CPU
		{0AAFCDE0-A24A-47A9-8928-90067932D408}.Release|Any CPU.Build.0 = Release|Any CPU
		{0E7413BF-A3EA-4091-A0D7-47F0B3C5766B}.Debug|Any CPU.ActiveCfg = Debug|Any CPU
		{0E7413BF-A3EA-4091-A0D7-47F0B3C5766B}.Debug|Any CPU.Build.0 = Debug|Any CPU
		{0E7413BF-A3EA-4091-A0D7-47F0B3C5766B}.Release|Any CPU.ActiveCfg = Release|Any CPU
		{0E7413BF-A3EA-4091-A0D7-47F0B3C5766B}.Release|Any CPU.Build.0 = Release|Any CPU
		{E0655E49-F45F-4D54-954A-D1FFBEA86321}.Debug|Any CPU.ActiveCfg = Debug|Any CPU
		{E0655E49-F45F-4D54-954A-D1FFBEA86321}.Debug|Any CPU.Build.0 = Debug|Any CPU
		{E0655E49-F45F-4D54-954A-D1FFBEA86321}.Release|Any CPU.ActiveCfg = Release|Any CPU
		{E0655E49-F45F-4D54-954A-D1FFBEA86321}.Release|Any CPU.Build.0 = Release|Any CPU
		{088D7F4E-D964-4CBE-B60D-9E543BCDA409}.Debug|Any CPU.ActiveCfg = Debug|Any CPU
		{088D7F4E-D964-4CBE-B60D-9E543BCDA409}.Debug|Any CPU.Build.0 = Debug|Any CPU
		{088D7F4E-D964-4CBE-B60D-9E543BCDA409}.Release|Any CPU.ActiveCfg = Release|Any CPU
		{088D7F4E-D964-4CBE-B60D-9E543BCDA409}.Release|Any CPU.Build.0 = Release|Any CPU
		{04EA24AA-C3C2-49D5-A741-993660707337}.Debug|Any CPU.ActiveCfg = Debug|Any CPU
		{04EA24AA-C3C2-49D5-A741-993660707337}.Debug|Any CPU.Build.0 = Debug|Any CPU
		{04EA24AA-C3C2-49D5-A741-993660707337}.Release|Any CPU.ActiveCfg = Release|Any CPU
		{04EA24AA-C3C2-49D5-A741-993660707337}.Release|Any CPU.Build.0 = Release|Any CPU
		{0A92BBCE-25C3-44EF-B6CB-0E522C9F2403}.Debug|Any CPU.ActiveCfg = Debug|Any CPU
		{0A92BBCE-25C3-44EF-B6CB-0E522C9F2403}.Debug|Any CPU.Build.0 = Debug|Any CPU
		{0A92BBCE-25C3-44EF-B6CB-0E522C9F2403}.Release|Any CPU.ActiveCfg = Release|Any CPU
		{0A92BBCE-25C3-44EF-B6CB-0E522C9F2403}.Release|Any CPU.Build.0 = Release|Any CPU
		{B4105225-8819-4767-9B11-94A3F04991C7}.Debug|Any CPU.ActiveCfg = Debug|Any CPU
		{B4105225-8819-4767-9B11-94A3F04991C7}.Debug|Any CPU.Build.0 = Debug|Any CPU
		{B4105225-8819-4767-9B11-94A3F04991C7}.Release|Any CPU.ActiveCfg = Release|Any CPU
		{B4105225-8819-4767-9B11-94A3F04991C7}.Release|Any CPU.Build.0 = Release|Any CPU
		{BD68C52D-E69E-4B48-874E-FE0ECEF50C2F}.Debug|Any CPU.ActiveCfg = Debug|Any CPU
		{BD68C52D-E69E-4B48-874E-FE0ECEF50C2F}.Debug|Any CPU.Build.0 = Debug|Any CPU
		{BD68C52D-E69E-4B48-874E-FE0ECEF50C2F}.Release|Any CPU.ActiveCfg = Release|Any CPU
		{BD68C52D-E69E-4B48-874E-FE0ECEF50C2F}.Release|Any CPU.Build.0 = Release|Any CPU
		{AFED5EDE-E54A-4939-B23D-B01FEFFD5193}.Debug|Any CPU.ActiveCfg = Debug|Any CPU
		{AFED5EDE-E54A-4939-B23D-B01FEFFD5193}.Debug|Any CPU.Build.0 = Debug|Any CPU
		{AFED5EDE-E54A-4939-B23D-B01FEFFD5193}.Release|Any CPU.ActiveCfg = Release|Any CPU
		{AFED5EDE-E54A-4939-B23D-B01FEFFD5193}.Release|Any CPU.Build.0 = Release|Any CPU
		{2462B489-F61F-491E-AE9D-165F3E134F50}.Debug|Any CPU.ActiveCfg = Debug|Any CPU
		{2462B489-F61F-491E-AE9D-165F3E134F50}.Debug|Any CPU.Build.0 = Debug|Any CPU
		{2462B489-F61F-491E-AE9D-165F3E134F50}.Release|Any CPU.ActiveCfg = Release|Any CPU
		{2462B489-F61F-491E-AE9D-165F3E134F50}.Release|Any CPU.Build.0 = Release|Any CPU
		{E6E8FE0B-820B-45CC-9CCE-F431B483EFBA}.Debug|Any CPU.ActiveCfg = Debug|Any CPU
		{E6E8FE0B-820B-45CC-9CCE-F431B483EFBA}.Debug|Any CPU.Build.0 = Debug|Any CPU
		{E6E8FE0B-820B-45CC-9CCE-F431B483EFBA}.Release|Any CPU.ActiveCfg = Release|Any CPU
		{E6E8FE0B-820B-45CC-9CCE-F431B483EFBA}.Release|Any CPU.Build.0 = Release|Any CPU
	EndGlobalSection
	GlobalSection(SolutionProperties) = preSolution
		HideSolutionNode = FALSE
	EndGlobalSection
	GlobalSection(NestedProjects) = preSolution
		{3BAEE7A2-FB05-4F79-A1D4-BA11DCFDE694} = {6E14D1B0-95BF-4BD9-B735-ABAB706E7C0A}
		{29CD5CE3-A37A-45D9-A1A2-70C613A93862} = {3BAEE7A2-FB05-4F79-A1D4-BA11DCFDE694}
		{F9519F12-BF8D-42A4-A797-B535A01D3056} = {BF355209-07B9-4929-BC95-28E3C640C81E}
		{0AAFCDE0-A24A-47A9-8928-90067932D408} = {8F91E65C-8DCF-4673-8C2A-1394CAF421E7}
		{F74BA3DF-E2DA-4BFD-B1A1-43EFCFA496CF} = {6E14D1B0-95BF-4BD9-B735-ABAB706E7C0A}
		{0E7413BF-A3EA-4091-A0D7-47F0B3C5766B} = {F74BA3DF-E2DA-4BFD-B1A1-43EFCFA496CF}
		{E9784D6E-B508-46E9-9DC5-9FC19131C585} = {6E14D1B0-95BF-4BD9-B735-ABAB706E7C0A}
		{E0655E49-F45F-4D54-954A-D1FFBEA86321} = {E9784D6E-B508-46E9-9DC5-9FC19131C585}
		{BF3B7AD2-2BC0-40BF-A7C1-A6D819CFA3E2} = {6E14D1B0-95BF-4BD9-B735-ABAB706E7C0A}
		{088D7F4E-D964-4CBE-B60D-9E543BCDA409} = {BF3B7AD2-2BC0-40BF-A7C1-A6D819CFA3E2}
		{8FECC061-D7EC-4AB3-B9AA-7683AB62D911} = {6E14D1B0-95BF-4BD9-B735-ABAB706E7C0A}
		{04EA24AA-C3C2-49D5-A741-993660707337} = {8FECC061-D7EC-4AB3-B9AA-7683AB62D911}
		{0A92BBCE-25C3-44EF-B6CB-0E522C9F2403} = {8FECC061-D7EC-4AB3-B9AA-7683AB62D911}
		{B4105225-8819-4767-9B11-94A3F04991C7} = {8FECC061-D7EC-4AB3-B9AA-7683AB62D911}
		{BD68C52D-E69E-4B48-874E-FE0ECEF50C2F} = {8FECC061-D7EC-4AB3-B9AA-7683AB62D911}
		{AFED5EDE-E54A-4939-B23D-B01FEFFD5193} = {8FECC061-D7EC-4AB3-B9AA-7683AB62D911}
		{A02F58E7-8867-46FF-8C5C-2A5D257975A4} = {6E14D1B0-95BF-4BD9-B735-ABAB706E7C0A}
		{2462B489-F61F-491E-AE9D-165F3E134F50} = {A02F58E7-8867-46FF-8C5C-2A5D257975A4}
		{E6E8FE0B-820B-45CC-9CCE-F431B483EFBA} = {572CB6B7-FD3A-429B-8640-984497123F9C}
	EndGlobalSection
	GlobalSection(ExtensibilityGlobals) = postSolution
		SolutionGuid = {6BA3ECF9-7846-48A6-BA1E-AE182EDDA1DA}
	EndGlobalSection
EndGlobal
